// !$*UTF8*$!
{
	archiveVersion = 1;
	classes = {
	};
	objectVersion = 55;
	objects = {

/* Begin PBXBuildFile section */
		E29331D5280C1A4100B44444 /* BackgroundPlayerSwiftUIApp.swift in Sources */ = {isa = PBXBuildFile; fileRef = E29331D4280C1A4100B44444 /* BackgroundPlayerSwiftUIApp.swift */; };
		E29331D7280C1A4100B44444 /* ContentView.swift in Sources */ = {isa = PBXBuildFile; fileRef = E29331D6280C1A4100B44444 /* ContentView.swift */; };
		E29331D9280C1A4200B44444 /* Assets.xcassets in Resources */ = {isa = PBXBuildFile; fileRef = E29331D8280C1A4200B44444 /* Assets.xcassets */; };
		E29331DC280C1A4200B44444 /* Preview Assets.xcassets in Resources */ = {isa = PBXBuildFile; fileRef = E29331DB280C1A4200B44444 /* Preview Assets.xcassets */; };
		E29331E7280C1A8800B44444 /* clarnet_comp_3.mp3 in Resources */ = {isa = PBXBuildFile; fileRef = E29331E3280C1A8800B44444 /* clarnet_comp_3.mp3 */; };
		E29331E8280C1A8800B44444 /* clarnet_comp_2.mp3 in Resources */ = {isa = PBXBuildFile; fileRef = E29331E4280C1A8800B44444 /* clarnet_comp_2.mp3 */; };
		E29331E9280C1A8800B44444 /* clarnet_comp_1.mp3 in Resources */ = {isa = PBXBuildFile; fileRef = E29331E5280C1A8800B44444 /* clarnet_comp_1.mp3 */; };
		E29331EA280C1A8800B44444 /* clarnet_comp_4.mp3 in Resources */ = {isa = PBXBuildFile; fileRef = E29331E6280C1A8800B44444 /* clarnet_comp_4.mp3 */; };
		E29331ED280C1EA000B44444 /* PlayerModel.swift in Sources */ = {isa = PBXBuildFile; fileRef = E29331EC280C1EA000B44444 /* PlayerModel.swift */; };
		E29331F2280C23F600B44444 /* MetadataModel.swift in Sources */ = {isa = PBXBuildFile; fileRef = E29331F1280C23F600B44444 /* MetadataModel.swift */; };
		E29331F5280C251800B44444 /* ErrorsDataManager.swift in Sources */ = {isa = PBXBuildFile; fileRef = E29331F4280C251800B44444 /* ErrorsDataManager.swift */; };
		E29331F7280C266C00B44444 /* PlayerCommandDataManager.swift in Sources */ = {isa = PBXBuildFile; fileRef = E29331F6280C266C00B44444 /* PlayerCommandDataManager.swift */; };
		E29331F9280C2A2900B44444 /* PlayerView.swift in Sources */ = {isa = PBXBuildFile; fileRef = E29331F8280C2A2900B44444 /* PlayerView.swift */; };
		E29331FB280C2AB600B44444 /* AudioFileModel.swift in Sources */ = {isa = PBXBuildFile; fileRef = E29331FA280C2AB600B44444 /* AudioFileModel.swift */; };
		E29331FD280C2C7800B44444 /* PlayerViewModel.swift in Sources */ = {isa = PBXBuildFile; fileRef = E29331FC280C2C7800B44444 /* PlayerViewModel.swift */; };
		E29331FF280C411400B44444 /* AudioFileDataManager.swift in Sources */ = {isa = PBXBuildFile; fileRef = E29331FE280C411400B44444 /* AudioFileDataManager.swift */; };
/* End PBXBuildFile section */

/* Begin PBXFileReference section */
		E29331D1280C1A4100B44444 /* BackgroundPlayerSwiftUI.app */ = {isa = PBXFileReference; explicitFileType = wrapper.application; includeInIndex = 0; path = BackgroundPlayerSwiftUI.app; sourceTree = BUILT_PRODUCTS_DIR; };
		E29331D4280C1A4100B44444 /* BackgroundPlayerSwiftUIApp.swift */ = {isa = PBXFileReference; lastKnownFileType = sourcecode.swift; path = BackgroundPlayerSwiftUIApp.swift; sourceTree = "<group>"; };
		E29331D6280C1A4100B44444 /* ContentView.swift */ = {isa = PBXFileReference; lastKnownFileType = sourcecode.swift; path = ContentView.swift; sourceTree = "<group>"; };
		E29331D8280C1A4200B44444 /* Assets.xcassets */ = {isa = PBXFileReference; lastKnownFileType = folder.assetcatalog; path = Assets.xcassets; sourceTree = "<group>"; };
		E29331DB280C1A4200B44444 /* Preview Assets.xcassets */ = {isa = PBXFileReference; lastKnownFileType = folder.assetcatalog; path = "Preview Assets.xcassets"; sourceTree = "<group>"; };
		E29331E3280C1A8800B44444 /* clarnet_comp_3.mp3 */ = {isa = PBXFileReference; lastKnownFileType = audio.mp3; path = clarnet_comp_3.mp3; sourceTree = "<group>"; };
		E29331E4280C1A8800B44444 /* clarnet_comp_2.mp3 */ = {isa = PBXFileReference; lastKnownFileType = audio.mp3; path = clarnet_comp_2.mp3; sourceTree = "<group>"; };
		E29331E5280C1A8800B44444 /* clarnet_comp_1.mp3 */ = {isa = PBXFileReference; lastKnownFileType = audio.mp3; path = clarnet_comp_1.mp3; sourceTree = "<group>"; };
		E29331E6280C1A8800B44444 /* clarnet_comp_4.mp3 */ = {isa = PBXFileReference; lastKnownFileType = audio.mp3; path = clarnet_comp_4.mp3; sourceTree = "<group>"; };
		E29331EC280C1EA000B44444 /* PlayerModel.swift */ = {isa = PBXFileReference; lastKnownFileType = sourcecode.swift; path = PlayerModel.swift; sourceTree = "<group>"; };
		E29331F1280C23F600B44444 /* MetadataModel.swift */ = {isa = PBXFileReference; lastKnownFileType = sourcecode.swift; path = MetadataModel.swift; sourceTree = "<group>"; };
		E29331F4280C251800B44444 /* ErrorsDataManager.swift */ = {isa = PBXFileReference; lastKnownFileType = sourcecode.swift; path = ErrorsDataManager.swift; sourceTree = "<group>"; };
		E29331F6280C266C00B44444 /* PlayerCommandDataManager.swift */ = {isa = PBXFileReference; lastKnownFileType = sourcecode.swift; path = PlayerCommandDataManager.swift; sourceTree = "<group>"; };
		E29331F8280C2A2900B44444 /* PlayerView.swift */ = {isa = PBXFileReference; lastKnownFileType = sourcecode.swift; path = PlayerView.swift; sourceTree = "<group>"; };
		E29331FA280C2AB600B44444 /* AudioFileModel.swift */ = {isa = PBXFileReference; lastKnownFileType = sourcecode.swift; path = AudioFileModel.swift; sourceTree = "<group>"; };
		E29331FC280C2C7800B44444 /* PlayerViewModel.swift */ = {isa = PBXFileReference; lastKnownFileType = sourcecode.swift; path = PlayerViewModel.swift; sourceTree = "<group>"; };
		E29331FE280C411400B44444 /* AudioFileDataManager.swift */ = {isa = PBXFileReference; lastKnownFileType = sourcecode.swift; path = AudioFileDataManager.swift; sourceTree = "<group>"; };
/* End PBXFileReference section */

/* Begin PBXFrameworksBuildPhase section */
		E29331CE280C1A4100B44444 /* Frameworks */ = {
			isa = PBXFrameworksBuildPhase;
			buildActionMask = 2147483647;
			files = (
			);
			runOnlyForDeploymentPostprocessing = 0;
		};
/* End PBXFrameworksBuildPhase section */

/* Begin PBXGroup section */
		E29331C8280C1A4100B44444 = {
			isa = PBXGroup;
			children = (
				E29331D3280C1A4100B44444 /* BackgroundPlayerSwiftUI */,
				E29331D2280C1A4100B44444 /* Products */,
			);
			sourceTree = "<group>";
		};
		E29331D2280C1A4100B44444 /* Products */ = {
			isa = PBXGroup;
			children = (
				E29331D1280C1A4100B44444 /* BackgroundPlayerSwiftUI.app */,
			);
			name = Products;
			sourceTree = "<group>";
		};
		E29331D3280C1A4100B44444 /* BackgroundPlayerSwiftUI */ = {
			isa = PBXGroup;
			children = (
				E29331D4280C1A4100B44444 /* BackgroundPlayerSwiftUIApp.swift */,
				E29331D6280C1A4100B44444 /* ContentView.swift */,
				E29331EB280C1E5D00B44444 /* PlayerView */,
				E29331F0280C23D400B44444 /* Models */,
				E29331F3280C24E400B44444 /* Services */,
				E29331D8280C1A4200B44444 /* Assets.xcassets */,
				E29331E2280C1A5D00B44444 /* Files */,
				E29331DA280C1A4200B44444 /* Preview Content */,
			);
			path = BackgroundPlayerSwiftUI;
			sourceTree = "<group>";
		};
		E29331DA280C1A4200B44444 /* Preview Content */ = {
			isa = PBXGroup;
			children = (
				E29331DB280C1A4200B44444 /* Preview Assets.xcassets */,
			);
			path = "Preview Content";
			sourceTree = "<group>";
		};
		E29331E2280C1A5D00B44444 /* Files */ = {
			isa = PBXGroup;
			children = (
				E29331E5280C1A8800B44444 /* clarnet_comp_1.mp3 */,
				E29331E4280C1A8800B44444 /* clarnet_comp_2.mp3 */,
				E29331E3280C1A8800B44444 /* clarnet_comp_3.mp3 */,
				E29331E6280C1A8800B44444 /* clarnet_comp_4.mp3 */,
			);
			path = Files;
			sourceTree = "<group>";
		};
		E29331EB280C1E5D00B44444 /* PlayerView */ = {
			isa = PBXGroup;
			children = (
				E29331F8280C2A2900B44444 /* PlayerView.swift */,
				E29331EC280C1EA000B44444 /* PlayerModel.swift */,
				E29331FC280C2C7800B44444 /* PlayerViewModel.swift */,
			);
			path = PlayerView;
			sourceTree = "<group>";
		};
		E29331F0280C23D400B44444 /* Models */ = {
			isa = PBXGroup;
			children = (
				E29331FA280C2AB600B44444 /* AudioFileModel.swift */,
				E29331F1280C23F600B44444 /* MetadataModel.swift */,
			);
			path = Models;
			sourceTree = "<group>";
		};
		E29331F3280C24E400B44444 /* Services */ = {
			isa = PBXGroup;
			children = (
				E29331F4280C251800B44444 /* ErrorsDataManager.swift */,
				E29331F6280C266C00B44444 /* PlayerCommandDataManager.swift */,
				E29331FE280C411400B44444 /* AudioFileDataManager.swift */,
			);
			path = Services;
			sourceTree = "<group>";
		};
/* End PBXGroup section */

/* Begin PBXNativeTarget section */
		E29331D0280C1A4100B44444 /* BackgroundPlayerSwiftUI */ = {
			isa = PBXNativeTarget;
			buildConfigurationList = E29331DF280C1A4200B44444 /* Build configuration list for PBXNativeTarget "BackgroundPlayerSwiftUI" */;
			buildPhases = (
				E29331CD280C1A4100B44444 /* Sources */,
				E29331CE280C1A4100B44444 /* Frameworks */,
				E29331CF280C1A4100B44444 /* Resources */,
			);
			buildRules = (
			);
			dependencies = (
			);
			name = BackgroundPlayerSwiftUI;
			productName = BackgroundPlayerSwiftUI;
			productReference = E29331D1280C1A4100B44444 /* BackgroundPlayerSwiftUI.app */;
			productType = "com.apple.product-type.application";
		};
/* End PBXNativeTarget section */

/* Begin PBXProject section */
		E29331C9280C1A4100B44444 /* Project object */ = {
			isa = PBXProject;
			attributes = {
				BuildIndependentTargetsInParallel = 1;
				LastSwiftUpdateCheck = 1330;
				LastUpgradeCheck = 1330;
				TargetAttributes = {
					E29331D0280C1A4100B44444 = {
						CreatedOnToolsVersion = 13.3;
					};
				};
			};
			buildConfigurationList = E29331CC280C1A4100B44444 /* Build configuration list for PBXProject "BackgroundPlayerSwiftUI" */;
			compatibilityVersion = "Xcode 13.0";
			developmentRegion = en;
			hasScannedForEncodings = 0;
			knownRegions = (
				en,
				Base,
			);
			mainGroup = E29331C8280C1A4100B44444;
			productRefGroup = E29331D2280C1A4100B44444 /* Products */;
			projectDirPath = "";
			projectRoot = "";
			targets = (
				E29331D0280C1A4100B44444 /* BackgroundPlayerSwiftUI */,
			);
		};
/* End PBXProject section */

/* Begin PBXResourcesBuildPhase section */
		E29331CF280C1A4100B44444 /* Resources */ = {
			isa = PBXResourcesBuildPhase;
			buildActionMask = 2147483647;
			files = (
				E29331E8280C1A8800B44444 /* clarnet_comp_2.mp3 in Resources */,
				E29331DC280C1A4200B44444 /* Preview Assets.xcassets in Resources */,
				E29331E9280C1A8800B44444 /* clarnet_comp_1.mp3 in Resources */,
				E29331D9280C1A4200B44444 /* Assets.xcassets in Resources */,
				E29331EA280C1A8800B44444 /* clarnet_comp_4.mp3 in Resources */,
				E29331E7280C1A8800B44444 /* clarnet_comp_3.mp3 in Resources */,
			);
			runOnlyForDeploymentPostprocessing = 0;
		};
/* End PBXResourcesBuildPhase section */

/* Begin PBXSourcesBuildPhase section */
		E29331CD280C1A4100B44444 /* Sources */ = {
			isa = PBXSourcesBuildPhase;
			buildActionMask = 2147483647;
			files = (
				E29331FD280C2C7800B44444 /* PlayerViewModel.swift in Sources */,
				E29331F7280C266C00B44444 /* PlayerCommandDataManager.swift in Sources */,
				E29331F2280C23F600B44444 /* MetadataModel.swift in Sources */,
				E29331FB280C2AB600B44444 /* AudioFileModel.swift in Sources */,
				E29331F9280C2A2900B44444 /* PlayerView.swift in Sources */,
				E29331ED280C1EA000B44444 /* PlayerModel.swift in Sources */,
				E29331FF280C411400B44444 /* AudioFileDataManager.swift in Sources */,
				E29331D7280C1A4100B44444 /* ContentView.swift in Sources */,
				E29331F5280C251800B44444 /* ErrorsDataManager.swift in Sources */,
				E29331D5280C1A4100B44444 /* BackgroundPlayerSwiftUIApp.swift in Sources */,
			);
			runOnlyForDeploymentPostprocessing = 0;
		};
/* End PBXSourcesBuildPhase section */

/* Begin XCBuildConfiguration section */
		E29331DD280C1A4200B44444 /* Debug */ = {
			isa = XCBuildConfiguration;
			buildSettings = {
				ALWAYS_SEARCH_USER_PATHS = NO;
				CLANG_ANALYZER_NONNULL = YES;
				CLANG_ANALYZER_NUMBER_OBJECT_CONVERSION = YES_AGGRESSIVE;
				CLANG_CXX_LANGUAGE_STANDARD = "gnu++17";
				CLANG_ENABLE_MODULES = YES;
				CLANG_ENABLE_OBJC_ARC = YES;
				CLANG_ENABLE_OBJC_WEAK = YES;
				CLANG_WARN_BLOCK_CAPTURE_AUTORELEASING = YES;
				CLANG_WARN_BOOL_CONVERSION = YES;
				CLANG_WARN_COMMA = YES;
				CLANG_WARN_CONSTANT_CONVERSION = YES;
				CLANG_WARN_DEPRECATED_OBJC_IMPLEMENTATIONS = YES;
				CLANG_WARN_DIRECT_OBJC_ISA_USAGE = YES_ERROR;
				CLANG_WARN_DOCUMENTATION_COMMENTS = YES;
				CLANG_WARN_EMPTY_BODY = YES;
				CLANG_WARN_ENUM_CONVERSION = YES;
				CLANG_WARN_INFINITE_RECURSION = YES;
				CLANG_WARN_INT_CONVERSION = YES;
				CLANG_WARN_NON_LITERAL_NULL_CONVERSION = YES;
				CLANG_WARN_OBJC_IMPLICIT_RETAIN_SELF = YES;
				CLANG_WARN_OBJC_LITERAL_CONVERSION = YES;
				CLANG_WARN_OBJC_ROOT_CLASS = YES_ERROR;
				CLANG_WARN_QUOTED_INCLUDE_IN_FRAMEWORK_HEADER = YES;
				CLANG_WARN_RANGE_LOOP_ANALYSIS = YES;
				CLANG_WARN_STRICT_PROTOTYPES = YES;
				CLANG_WARN_SUSPICIOUS_MOVE = YES;
				CLANG_WARN_UNGUARDED_AVAILABILITY = YES_AGGRESSIVE;
				CLANG_WARN_UNREACHABLE_CODE = YES;
				CLANG_WARN__DUPLICATE_METHOD_MATCH = YES;
				COPY_PHASE_STRIP = NO;
				DEBUG_INFORMATION_FORMAT = dwarf;
				ENABLE_STRICT_OBJC_MSGSEND = YES;
				ENABLE_TESTABILITY = YES;
				GCC_C_LANGUAGE_STANDARD = gnu11;
				GCC_DYNAMIC_NO_PIC = NO;
				GCC_NO_COMMON_BLOCKS = YES;
				GCC_OPTIMIZATION_LEVEL = 0;
				GCC_PREPROCESSOR_DEFINITIONS = (
					"DEBUG=1",
					"$(inherited)",
				);
				GCC_WARN_64_TO_32_BIT_CONVERSION = YES;
				GCC_WARN_ABOUT_RETURN_TYPE = YES_ERROR;
				GCC_WARN_UNDECLARED_SELECTOR = YES;
				GCC_WARN_UNINITIALIZED_AUTOS = YES_AGGRESSIVE;
				GCC_WARN_UNUSED_FUNCTION = YES;
				GCC_WARN_UNUSED_VARIABLE = YES;
				IPHONEOS_DEPLOYMENT_TARGET = 15.4;
				MTL_ENABLE_DEBUG_INFO = INCLUDE_SOURCE;
				MTL_FAST_MATH = YES;
				ONLY_ACTIVE_ARCH = YES;
				SDKROOT = iphoneos;
				SWIFT_ACTIVE_COMPILATION_CONDITIONS = DEBUG;
				SWIFT_OPTIMIZATION_LEVEL = "-Onone";
			};
			name = Debug;
		};
		E29331DE280C1A4200B44444 /* Release */ = {
			isa = XCBuildConfiguration;
			buildSettings = {
				ALWAYS_SEARCH_USER_PATHS = NO;
				CLANG_ANALYZER_NONNULL = YES;
				CLANG_ANALYZER_NUMBER_OBJECT_CONVERSION = YES_AGGRESSIVE;
				CLANG_CXX_LANGUAGE_STANDARD = "gnu++17";
				CLANG_ENABLE_MODULES = YES;
				CLANG_ENABLE_OBJC_ARC = YES;
				CLANG_ENABLE_OBJC_WEAK = YES;
				CLANG_WARN_BLOCK_CAPTURE_AUTORELEASING = YES;
				CLANG_WARN_BOOL_CONVERSION = YES;
				CLANG_WARN_COMMA = YES;
				CLANG_WARN_CONSTANT_CONVERSION = YES;
				CLANG_WARN_DEPRECATED_OBJC_IMPLEMENTATIONS = YES;
				CLANG_WARN_DIRECT_OBJC_ISA_USAGE = YES_ERROR;
				CLANG_WARN_DOCUMENTATION_COMMENTS = YES;
				CLANG_WARN_EMPTY_BODY = YES;
				CLANG_WARN_ENUM_CONVERSION = YES;
				CLANG_WARN_INFINITE_RECURSION = YES;
				CLANG_WARN_INT_CONVERSION = YES;
				CLANG_WARN_NON_LITERAL_NULL_CONVERSION = YES;
				CLANG_WARN_OBJC_IMPLICIT_RETAIN_SELF = YES;
				CLANG_WARN_OBJC_LITERAL_CONVERSION = YES;
				CLANG_WARN_OBJC_ROOT_CLASS = YES_ERROR;
				CLANG_WARN_QUOTED_INCLUDE_IN_FRAMEWORK_HEADER = YES;
				CLANG_WARN_RANGE_LOOP_ANALYSIS = YES;
				CLANG_WARN_STRICT_PROTOTYPES = YES;
				CLANG_WARN_SUSPICIOUS_MOVE = YES;
				CLANG_WARN_UNGUARDED_AVAILABILITY = YES_AGGRESSIVE;
				CLANG_WARN_UNREACHABLE_CODE = YES;
				CLANG_WARN__DUPLICATE_METHOD_MATCH = YES;
				COPY_PHASE_STRIP = NO;
				DEBUG_INFORMATION_FORMAT = "dwarf-with-dsym";
				ENABLE_NS_ASSERTIONS = NO;
				ENABLE_STRICT_OBJC_MSGSEND = YES;
				GCC_C_LANGUAGE_STANDARD = gnu11;
				GCC_NO_COMMON_BLOCKS = YES;
				GCC_WARN_64_TO_32_BIT_CONVERSION = YES;
				GCC_WARN_ABOUT_RETURN_TYPE = YES_ERROR;
				GCC_WARN_UNDECLARED_SELECTOR = YES;
				GCC_WARN_UNINITIALIZED_AUTOS = YES_AGGRESSIVE;
				GCC_WARN_UNUSED_FUNCTION = YES;
				GCC_WARN_UNUSED_VARIABLE = YES;
				IPHONEOS_DEPLOYMENT_TARGET = 15.4;
				MTL_ENABLE_DEBUG_INFO = NO;
				MTL_FAST_MATH = YES;
				SDKROOT = iphoneos;
				SWIFT_COMPILATION_MODE = wholemodule;
				SWIFT_OPTIMIZATION_LEVEL = "-O";
				VALIDATE_PRODUCT = YES;
			};
			name = Release;
		};
		E29331E0280C1A4200B44444 /* Debug */ = {
			isa = XCBuildConfiguration;
			buildSettings = {
				ASSETCATALOG_COMPILER_APPICON_NAME = AppIcon;
				ASSETCATALOG_COMPILER_GLOBAL_ACCENT_COLOR_NAME = AccentColor;
				CODE_SIGN_STYLE = Automatic;
				CURRENT_PROJECT_VERSION = 1;
				DEVELOPMENT_ASSET_PATHS = "\"BackgroundPlayerSwiftUI/Preview Content\"";
				DEVELOPMENT_TEAM = QD5349NP78;
				ENABLE_PREVIEWS = YES;
				GENERATE_INFOPLIST_FILE = YES;
				INFOPLIST_KEY_UIApplicationSceneManifest_Generation = YES;
				INFOPLIST_KEY_UIApplicationSupportsIndirectInputEvents = YES;
				INFOPLIST_KEY_UILaunchScreen_Generation = YES;
				INFOPLIST_KEY_UISupportedInterfaceOrientations = UIInterfaceOrientationPortrait;
				INFOPLIST_KEY_UISupportedInterfaceOrientations_iPad = "UIInterfaceOrientationPortrait UIInterfaceOrientationPortraitUpsideDown UIInterfaceOrientationLandscapeLeft UIInterfaceOrientationLandscapeRight";
				INFOPLIST_KEY_UISupportedInterfaceOrientations_iPhone = "UIInterfaceOrientationPortrait UIInterfaceOrientationLandscapeLeft UIInterfaceOrientationLandscapeRight";
				IPHONEOS_DEPLOYMENT_TARGET = 15.2;
				LD_RUNPATH_SEARCH_PATHS = (
					"$(inherited)",
					"@executable_path/Frameworks",
				);
				MARKETING_VERSION = 1.0;
				PRODUCT_BUNDLE_IDENTIFIER = Panin.BackgroundPlayerSwiftUI;
				PRODUCT_NAME = "$(TARGET_NAME)";
				SWIFT_EMIT_LOC_STRINGS = YES;
				SWIFT_VERSION = 5.0;
				TARGETED_DEVICE_FAMILY = "1,2";
			};
			name = Debug;
		};
		E29331E1280C1A4200B44444 /* Release */ = {
			isa = XCBuildConfiguration;
			buildSettings = {
				ASSETCATALOG_COMPILER_APPICON_NAME = AppIcon;
				ASSETCATALOG_COMPILER_GLOBAL_ACCENT_COLOR_NAME = AccentColor;
				CODE_SIGN_STYLE = Automatic;
				CURRENT_PROJECT_VERSION = 1;
				DEVELOPMENT_ASSET_PATHS = "\"BackgroundPlayerSwiftUI/Preview Content\"";
				DEVELOPMENT_TEAM = QD5349NP78;
				ENABLE_PREVIEWS = YES;
				GENERATE_INFOPLIST_FILE = YES;
				INFOPLIST_KEY_UIApplicationSceneManifest_Generation = YES;
				INFOPLIST_KEY_UIApplicationSupportsIndirectInputEvents = YES;
				INFOPLIST_KEY_UILaunchScreen_Generation = YES;
				INFOPLIST_KEY_UISupportedInterfaceOrientations = UIInterfaceOrientationPortrait;
				INFOPLIST_KEY_UISupportedInterfaceOrientations_iPad = "UIInterfaceOrientationPortrait UIInterfaceOrientationPortraitUpsideDown UIInterfaceOrientationLandscapeLeft UIInterfaceOrientationLandscapeRight";
				INFOPLIST_KEY_UISupportedInterfaceOrientations_iPhone = "UIInterfaceOrientationPortrait UIInterfaceOrientationLandscapeLeft UIInterfaceOrientationLandscapeRight";
				IPHONEOS_DEPLOYMENT_TARGET = 15.2;
				LD_RUNPATH_SEARCH_PATHS = (
					"$(inherited)",
					"@executable_path/Frameworks",
				);
				MARKETING_VERSION = 1.0;
				PRODUCT_BUNDLE_IDENTIFIER = Panin.BackgroundPlayerSwiftUI;
				PRODUCT_NAME = "$(TARGET_NAME)";
				SWIFT_EMIT_LOC_STRINGS = YES;
				SWIFT_VERSION = 5.0;
				TARGETED_DEVICE_FAMILY = "1,2";
			};
			name = Release;
		};
/* End XCBuildConfiguration section */

/* Begin XCConfigurationList section */
		E29331CC280C1A4100B44444 /* Build configuration list for PBXProject "BackgroundPlayerSwiftUI" */ = {
			isa = XCConfigurationList;
			buildConfigurations = (
				E29331DD280C1A4200B44444 /* Debug */,
				E29331DE280C1A4200B44444 /* Release */,
			);
			defaultConfigurationIsVisible = 0;
			defaultConfigurationName = Release;
		};
		E29331DF280C1A4200B44444 /* Build configuration list for PBXNativeTarget "BackgroundPlayerSwiftUI" */ = {
			isa = XCConfigurationList;
			buildConfigurations = (
				E29331E0280C1A4200B44444 /* Debug */,
				E29331E1280C1A4200B44444 /* Release */,
			);
			defaultConfigurationIsVisible = 0;
			defaultConfigurationName = Release;
		};
/* End XCConfigurationList section */
	};
	rootObject = E29331C9280C1A4100B44444 /* Project object */;
}
